
Microsoft Visual Studio Solution File, Format Version 12.00
# Visual Studio 2013
VisualStudioVersion = 12.0.21005.1
MinimumVisualStudioVersion = 10.0.40219.1
Project("{FAE04EC0-301F-11D3-BF4B-00C04F79EFBC}") = "Noise", "Noise\Noise.csproj", "{BBC0AEF8-900F-4013-B403-9D3E7B7AFEE8}"
EndProject
Project("{FAE04EC0-301F-11D3-BF4B-00C04F79EFBC}") = "ModelLibrary", "ModelLibrary\ModelLibrary.csproj", "{624143B4-07D2-45B2-BA34-2FE3577684FB}"
EndProject
Project("{FAE04EC0-301F-11D3-BF4B-00C04F79EFBC}") = "TypesLibrary", "TypeLibrary\TypesLibrary.csproj", "{E0C43657-4B7D-4E17-8126-896E0912EB74}"
EndProject
Global
	GlobalSection(SolutionConfigurationPlatforms) = preSolution
		Debug|Any CPU = Debug|Any CPU
		Release|Any CPU = Release|Any CPU
	EndGlobalSection
	GlobalSection(ProjectConfigurationPlatforms) = postSolution
		{BBC0AEF8-900F-4013-B403-9D3E7B7AFEE8}.Debug|Any CPU.ActiveCfg = Debug|Any CPU
		{BBC0AEF8-900F-4013-B403-9D3E7B7AFEE8}.Debug|Any CPU.Build.0 = Debug|Any CPU
		{BBC0AEF8-900F-4013-B403-9D3E7B7AFEE8}.Release|Any CPU.ActiveCfg = Release|Any CPU
		{BBC0AEF8-900F-4013-B403-9D3E7B7AFEE8}.Release|Any CPU.Build.0 = Release|Any CPU
		{624143B4-07D2-45B2-BA34-2FE3577684FB}.Debug|Any CPU.ActiveCfg = Debug|Any CPU
		{624143B4-07D2-45B2-BA34-2FE3577684FB}.Debug|Any CPU.Build.0 = Debug|Any CPU
		{624143B4-07D2-45B2-BA34-2FE3577684FB}.Release|Any CPU.ActiveCfg = Release|Any CPU
		{624143B4-07D2-45B2-BA34-2FE3577684FB}.Release|Any CPU.Build.0 = Release|Any CPU
		{E0C43657-4B7D-4E17-8126-896E0912EB74}.Debug|Any CPU.ActiveCfg = Debug|Any CPU
		{E0C43657-4B7D-4E17-8126-896E0912EB74}.Debug|Any CPU.Build.0 = Debug|Any CPU
		{E0C43657-4B7D-4E17-8126-896E0912EB74}.Release|Any CPU.ActiveCfg = Release|Any CPU
		{E0C43657-4B7D-4E17-8126-896E0912EB74}.Release|Any CPU.Build.0 = Release|Any CPU
	EndGlobalSection
	GlobalSection(SolutionProperties) = preSolution
		HideSolutionNode = FALSE
	EndGlobalSection
EndGlobal
